
Microsoft Visual Studio Solution File, Format Version 12.00
# Visual Studio Version 17
VisualStudioVersion = 17.10.35013.160
MinimumVisualStudioVersion = 10.0.40219.1
Project("{FAE04EC0-301F-11D3-BF4B-00C04F79EFBC}") = "Spliterator", "Spliterator\Spliterator.csproj", "{89F4A24C-4E94-42FC-882D-51F020B02A24}"
EndProject
Project("{FAE04EC0-301F-11D3-BF4B-00C04F79EFBC}") = "Spliterator.Test", "Spliterator.Test\Spliterator.Test.csproj", "{348B6922-0D1D-454B-BA8B-C0F7720C0869}"
EndProject
Global
	GlobalSection(SolutionConfigurationPlatforms) = preSolution
		Debug|Any CPU = Debug|Any CPU
		Release|Any CPU = Release|Any CPU
	EndGlobalSection
	GlobalSection(ProjectConfigurationPlatforms) = postSolution
		{89F4A24C-4E94-42FC-882D-51F020B02A24}.Debug|Any CPU.ActiveCfg = Debug|Any CPU
		{89F4A24C-4E94-42FC-882D-51F020B02A24}.Debug|Any CPU.Build.0 = Debug|Any CPU
		{89F4A24C-4E94-42FC-882D-51F020B02A24}.Release|Any CPU.ActiveCfg = Release|Any CPU
		{89F4A24C-4E94-42FC-882D-51F020B02A24}.Release|Any CPU.Build.0 = Release|Any CPU
		{348B6922-0D1D-454B-BA8B-C0F7720C0869}.Debug|Any CPU.ActiveCfg = Debug|Any CPU
		{348B6922-0D1D-454B-BA8B-C0F7720C0869}.Debug|Any CPU.Build.0 = Debug|Any CPU
		{348B6922-0D1D-454B-BA8B-C0F7720C0869}.Release|Any CPU.ActiveCfg = Release|Any CPU
		{348B6922-0D1D-454B-BA8B-C0F7720C0869}.Release|Any CPU.Build.0 = Release|Any CPU
	EndGlobalSection
	GlobalSection(SolutionProperties) = preSolution
		HideSolutionNode = FALSE
	EndGlobalSection
	GlobalSection(ExtensibilityGlobals) = postSolution
		SolutionGuid = {72FDF49D-86C3-4E25-A512-E1E2AC546403}
	EndGlobalSection
EndGlobal
